<?xml version="1.0" encoding="utf-8"?>
<Project ToolsVersion="4.0" xmlns="http://schemas.microsoft.com/developer/msbuild/2003">
  <ItemGroup>
    <Filter Include="include">
      <UniqueIdentifier>{93995380-89BD-4b04-88EB-625FBE52EBFB}</UniqueIdentifier>
      <Extensions>h;hpp;hxx;hm;inl;inc;xsd</Extensions>
    </Filter>
    <Filter Include="pch">
      <UniqueIdentifier>{ce986821-2494-4aae-99d6-c1eb8a7416ea}</UniqueIdentifier>
    </Filter>
    <Filter Include="docs">
      <UniqueIdentifier>{084e7dbd-e1e2-4ea7-902e-0d95e907180e}</UniqueIdentifier>
    </Filter>
  </ItemGroup>
  <ItemGroup>
    <ClInclude Include="Test.h">
      <Filter>include</Filter>
    </ClInclude>
    <ClInclude Include="stdafx.h">
      <Filter>pch</Filter>
    </ClInclude>
    <ClInclude Include="TestContext.h" />
    <ClInclude Include="Timer.h" />
    <ClInclude Include="Failure.h" />
    <ClInclude Include="Utilities.h" />
    <ClInclude Include="Output.h" />
    <ClInclude Include="TestRunner.h" />
    <ClInclude Include="Types.h" />
  </ItemGroup>
  <ItemGroup>
    <ClCompile Include="TestContext.cpp" />
    <ClCompile Include="Failure.cpp" />
    <ClCompile Include="stdafx.cpp">
      <Filter>pch</Filter>
    </ClCompile>
    <ClCompile Include="Test.cpp" />
    <ClCompile Include="CheckHelpers.cpp" />
    <ClCompile Include="Output.cpp" />
    <ClCompile Include="Utilities.cpp" />
    <ClCompile Include="TestRunner.cpp" />
    <ClCompile Include="Config.cpp" />
  </ItemGroup>
  <ItemGroup>
    <None Include="LICENSE">
      <Filter>docs</Filter>
    </None>
  </ItemGroup>
</Project>