<?xml version="1.0" encoding="utf-8"?>
<Project ToolsVersion="4.0" xmlns="http://schemas.microsoft.com/developer/msbuild/2003">
  <ItemGroup>
    <ClInclude Include="stdafx.h" />
  </ItemGroup>
  <ItemGroup>
    <ClCompile Include="stdafx.cpp" />
    <ClCompile Include="main.cpp" />
    <ClCompile Include="TestChecks.cpp">
      <Filter>Tests</Filter>
    </ClCompile>
    <ClCompile Include="TestConcurrency.cpp">
      <Filter>Tests</Filter>
    </ClCompile>
  </ItemGroup>
  <ItemGroup>
    <Filter Include="Tests">
      <UniqueIdentifier>{90c2e475-6c75-45bd-a2e4-dc4515de0aa4}</UniqueIdentifier>
    </Filter>
  </ItemGroup>
</Project>